
Microsoft Visual Studio Solution File, Format Version 12.00
# Visual Studio 15
VisualStudioVersion = 15.0.27004.2002
MinimumVisualStudioVersion = 10.0.40219.1
Project("{FAE04EC0-301F-11D3-BF4B-00C04F79EFBC}") = "ConsoleApp", "ConsoleApp\ConsoleApp.csproj", "{6143221E-9E76-481A-A2FF-69FB8A79A491}"
	ProjectSection(ProjectDependencies) = postProject
		{32B35A9A-84DF-4952-938D-BC38BFBA21CF} = {32B35A9A-84DF-4952-938D-BC38BFBA21CF}
	EndProjectSection
EndProject
Project("{9A19103F-16F7-4668-BE54-9A1E7A4F7556}") = "HelloWorldNetStandard", "HelloWorldNetStandard\HelloWorldNetStandard.csproj", "{32B35A9A-84DF-4952-938D-BC38BFBA21CF}"
EndProject
Project("{FAE04EC0-301F-11D3-BF4B-00C04F79EFBC}") = "ClassLibrary1", "ClassLibrary1\ClassLibrary1.csproj", "{05A9205E-3697-4961-888E-C83BC4AD8CEA}"
EndProject
Global
	GlobalSection(SolutionConfigurationPlatforms) = preSolution
		Debug|Any CPU = Debug|Any CPU
		Release|Any CPU = Release|Any CPU
	EndGlobalSection
	GlobalSection(ProjectConfigurationPlatforms) = postSolution
		{6143221E-9E76-481A-A2FF-69FB8A79A491}.Debug|Any CPU.ActiveCfg = Debug|Any CPU
		{6143221E-9E76-481A-A2FF-69FB8A79A491}.Debug|Any CPU.Build.0 = Debug|Any CPU
		{6143221E-9E76-481A-A2FF-69FB8A79A491}.Release|Any CPU.ActiveCfg = Release|Any CPU
		{6143221E-9E76-481A-A2FF-69FB8A79A491}.Release|Any CPU.Build.0 = Release|Any CPU
		{32B35A9A-84DF-4952-938D-BC38BFBA21CF}.Debug|Any CPU.ActiveCfg = Debug|Any CPU
		{32B35A9A-84DF-4952-938D-BC38BFBA21CF}.Debug|Any CPU.Build.0 = Debug|Any CPU
		{32B35A9A-84DF-4952-938D-BC38BFBA21CF}.Release|Any CPU.ActiveCfg = Release|Any CPU
		{32B35A9A-84DF-4952-938D-BC38BFBA21CF}.Release|Any CPU.Build.0 = Release|Any CPU
		{05A9205E-3697-4961-888E-C83BC4AD8CEA}.Debug|Any CPU.ActiveCfg = Debug|Any CPU
		{05A9205E-3697-4961-888E-C83BC4AD8CEA}.Debug|Any CPU.Build.0 = Debug|Any CPU
		{05A9205E-3697-4961-888E-C83BC4AD8CEA}.Release|Any CPU.ActiveCfg = Release|Any CPU
		{05A9205E-3697-4961-888E-C83BC4AD8CEA}.Release|Any CPU.Build.0 = Release|Any CPU
	EndGlobalSection
	GlobalSection(SolutionProperties) = preSolution
		HideSolutionNode = FALSE
	EndGlobalSection
	GlobalSection(ExtensibilityGlobals) = postSolution
		SolutionGuid = {8C8F183A-3F32-4163-BA11-8B64B24F6425}
	EndGlobalSection
EndGlobal
